
Microsoft Visual Studio Solution File, Format Version 12.00
# Visual Studio 2012
Project("{FAE04EC0-301F-11D3-BF4B-00C04F79EFBC}") = "MServer", "MServer\MServer.csproj", "{DA85F018-3FA5-40AC-878F-7CA2D7D24CE8}"
EndProject
Project("{FAE04EC0-301F-11D3-BF4B-00C04F79EFBC}") = "MSocket", "MSocket\MSocket.csproj", "{DF0EAE36-77C2-46A9-BD9E-3034A9612510}"
EndProject
Global
	GlobalSection(SolutionConfigurationPlatforms) = preSolution
		Debug|Any CPU = Debug|Any CPU
		Release|Any CPU = Release|Any CPU
	EndGlobalSection
	GlobalSection(ProjectConfigurationPlatforms) = postSolution
		{DA85F018-3FA5-40AC-878F-7CA2D7D24CE8}.Debug|Any CPU.ActiveCfg = Debug|Any CPU
		{DA85F018-3FA5-40AC-878F-7CA2D7D24CE8}.Debug|Any CPU.Build.0 = Debug|Any CPU
		{DA85F018-3FA5-40AC-878F-7CA2D7D24CE8}.Release|Any CPU.ActiveCfg = Release|Any CPU
		{DA85F018-3FA5-40AC-878F-7CA2D7D24CE8}.Release|Any CPU.Build.0 = Release|Any CPU
		{DF0EAE36-77C2-46A9-BD9E-3034A9612510}.Debug|Any CPU.ActiveCfg = Debug|Any CPU
		{DF0EAE36-77C2-46A9-BD9E-3034A9612510}.Debug|Any CPU.Build.0 = Debug|Any CPU
		{DF0EAE36-77C2-46A9-BD9E-3034A9612510}.Release|Any CPU.ActiveCfg = Release|Any CPU
		{DF0EAE36-77C2-46A9-BD9E-3034A9612510}.Release|Any CPU.Build.0 = Release|Any CPU
	EndGlobalSection
	GlobalSection(SolutionProperties) = preSolution
		HideSolutionNode = FALSE
	EndGlobalSection
EndGlobal
